
Microsoft Visual Studio Solution File, Format Version 12.00
# Visual Studio Version 16
VisualStudioVersion = 16.0.29025.244
MinimumVisualStudioVersion = 10.0.40219.1
Project("{FAE04EC0-301F-11D3-BF4B-00C04F79EFBC}") = "BladimirRosarioButen", "BladimirRosarioButen\BladimirRosarioButen.csproj", "{ADE120D2-B23B-4251-830C-E085B721B6B3}"
EndProject
Global
	GlobalSection(SolutionConfigurationPlatforms) = preSolution
		Debug|Any CPU = Debug|Any CPU
		Release|Any CPU = Release|Any CPU
	EndGlobalSection
	GlobalSection(ProjectConfigurationPlatforms) = postSolution
		{ADE120D2-B23B-4251-830C-E085B721B6B3}.Debug|Any CPU.ActiveCfg = Debug|Any CPU
		{ADE120D2-B23B-4251-830C-E085B721B6B3}.Debug|Any CPU.Build.0 = Debug|Any CPU
		{ADE120D2-B23B-4251-830C-E085B721B6B3}.Release|Any CPU.ActiveCfg = Release|Any CPU
		{ADE120D2-B23B-4251-830C-E085B721B6B3}.Release|Any CPU.Build.0 = Release|Any CPU
	EndGlobalSection
	GlobalSection(SolutionProperties) = preSolution
		HideSolutionNode = FALSE
	EndGlobalSection
	GlobalSection(ExtensibilityGlobals) = postSolution
		SolutionGuid = {3ED3FB63-1A06-4F21-8E98-C0A9DCDACE73}
	EndGlobalSection
EndGlobal
